
Microsoft Visual Studio Solution File, Format Version 10.00
# Visual Studio 2008
Project("{FAE04EC0-301F-11D3-BF4B-00C04F79EFBC}") = "Amplify", "Amplify\Amplify.csproj", "{11CAB5BE-EEFA-41E0-B21F-4D3EB7C8D90B}"
EndProject
Project("{FAE04EC0-301F-11D3-BF4B-00C04F79EFBC}") = "Amplify.Linq", "Amplify.Linq\Amplify.Linq.csproj", "{8711C147-3FF7-46C3-A848-5637E5CE8EE0}"
EndProject
Project("{FAE04EC0-301F-11D3-BF4B-00C04F79EFBC}") = "Amplify.Data", "Amplify.Data\Amplify.Data.csproj", "{15E2F560-405E-416D-B74E-1506BF8303AF}"
EndProject
Project("{FAE04EC0-301F-11D3-BF4B-00C04F79EFBC}") = "Amplify.Tests", "Amplify.Tests\Amplify.Tests.csproj", "{80C54359-97B5-4C11-92E6-996D35C9EE1B}"
EndProject
Project("{FAE04EC0-301F-11D3-BF4B-00C04F79EFBC}") = "Amplify.Linq.Tests", "Amplify.Linq.Tests\Amplify.Linq.Tests.csproj", "{B20383BD-FAAA-4BDF-BE24-9E53ADC17785}"
EndProject
Project("{FAE04EC0-301F-11D3-BF4B-00C04F79EFBC}") = "Amplify.Data.Tests", "Amplify.Data.Tests\Amplify.Data.Tests.csproj", "{E90D8B47-3B66-434D-BBC0-9DFA8706AF45}"
EndProject
Project("{2150E333-8FDC-42A3-9474-1A3956D46DE8}") = "Amplify System", "Amplify System", "{FED5E048-7AF3-4D83-917C-DC651B9DCD09}"
EndProject
Project("{2150E333-8FDC-42A3-9474-1A3956D46DE8}") = "Amplify Data", "Amplify Data", "{109142BF-B8B2-463C-89CC-1B4075998946}"
EndProject
Project("{2150E333-8FDC-42A3-9474-1A3956D46DE8}") = "Amplify Linq", "Amplify Linq", "{E8030AB6-B217-4F92-9FA4-10361CD0BD8F}"
EndProject
Project("{2150E333-8FDC-42A3-9474-1A3956D46DE8}") = "Amplify.Testing", "Amplify.Testing", "{3D88F44E-8611-4B0F-9687-CC29392BF66E}"
EndProject
Project("{FAE04EC0-301F-11D3-BF4B-00C04F79EFBC}") = "Amplify.Testing", "Amplify.Testing\Amplify.Testing.csproj", "{E1A61950-BD41-4764-9F64-4C4C81E6552D}"
EndProject
Project("{2150E333-8FDC-42A3-9474-1A3956D46DE8}") = "Amplify Tools", "Amplify Tools", "{DA25F586-3EE3-4E39-AF2F-B6CB75405C04}"
EndProject
Project("{FAE04EC0-301F-11D3-BF4B-00C04F79EFBC}") = "Fuse", "Fuse\Fuse.csproj", "{5BC60908-E627-479B-B3DC-A3C07B04E198}"
EndProject
Project("{2150E333-8FDC-42A3-9474-1A3956D46DE8}") = "Amplify Entity", "Amplify Entity", "{9CC17BEF-19AC-403D-BADA-3643ABD6497C}"
EndProject
Project("{FAE04EC0-301F-11D3-BF4B-00C04F79EFBC}") = "Amplify.Entity", "Amplify.Entity\Amplify.Entity.csproj", "{5BBD8CFC-1166-46DA-A09D-FCE3A5841924}"
EndProject
Project("{FAE04EC0-301F-11D3-BF4B-00C04F79EFBC}") = "Amplify.Entity.Tests", "Amplify.Enitity.Tests\Amplify.Entity.Tests.csproj", "{2B201024-975D-4986-B4A1-81CA84333E13}"
EndProject
Project("{2150E333-8FDC-42A3-9474-1A3956D46DE8}") = "Amplify.Tasks", "Amplify.Tasks", "{1BF0A243-7244-40B2-9A41-6F95763CB9B8}"
EndProject
Project("{FAE04EC0-301F-11D3-BF4B-00C04F79EFBC}") = "Amplify.Tasks", "Amplify.Tasks\Amplify.Tasks.csproj", "{6F1747A6-FB25-430A-BB6E-773DB2BAAAFF}"
EndProject
Project("{FAE04EC0-301F-11D3-BF4B-00C04F79EFBC}") = "Amplify.Tasks.Tests", "Amplify.Tasks.Tests\Amplify.Tasks.Tests.csproj", "{C3084F71-3DD9-4D36-84E5-653979871751}"
EndProject
Project("{FAE04EC0-301F-11D3-BF4B-00C04F79EFBC}") = "Fuse.Models", "Fuse.Models\Fuse.Models.csproj", "{AD2373A9-B62B-4D26-90B2-1D4D6CD07696}"
EndProject
Global
	GlobalSection(SolutionConfigurationPlatforms) = preSolution
		Debug|Any CPU = Debug|Any CPU
		Debug|x86 = Debug|x86
		Release|Any CPU = Release|Any CPU
		Release|x86 = Release|x86
		x86|Any CPU = x86|Any CPU
		x86|x86 = x86|x86
	EndGlobalSection
	GlobalSection(ProjectConfigurationPlatforms) = postSolution
		{11CAB5BE-EEFA-41E0-B21F-4D3EB7C8D90B}.Debug|Any CPU.ActiveCfg = Debug|Any CPU
		{11CAB5BE-EEFA-41E0-B21F-4D3EB7C8D90B}.Debug|Any CPU.Build.0 = Debug|Any CPU
		{11CAB5BE-EEFA-41E0-B21F-4D3EB7C8D90B}.Debug|x86.ActiveCfg = Debug|x86
		{11CAB5BE-EEFA-41E0-B21F-4D3EB7C8D90B}.Debug|x86.Build.0 = Debug|x86
		{11CAB5BE-EEFA-41E0-B21F-4D3EB7C8D90B}.Release|Any CPU.ActiveCfg = Release|Any CPU
		{11CAB5BE-EEFA-41E0-B21F-4D3EB7C8D90B}.Release|Any CPU.Build.0 = Release|Any CPU
		{11CAB5BE-EEFA-41E0-B21F-4D3EB7C8D90B}.Release|x86.ActiveCfg = Release|x86
		{11CAB5BE-EEFA-41E0-B21F-4D3EB7C8D90B}.Release|x86.Build.0 = Release|x86
		{11CAB5BE-EEFA-41E0-B21F-4D3EB7C8D90B}.x86|Any CPU.ActiveCfg = x86|Any CPU
		{11CAB5BE-EEFA-41E0-B21F-4D3EB7C8D90B}.x86|Any CPU.Build.0 = x86|Any CPU
		{11CAB5BE-EEFA-41E0-B21F-4D3EB7C8D90B}.x86|x86.ActiveCfg = Debug|x86
		{11CAB5BE-EEFA-41E0-B21F-4D3EB7C8D90B}.x86|x86.Build.0 = Debug|x86
		{8711C147-3FF7-46C3-A848-5637E5CE8EE0}.Debug|Any CPU.ActiveCfg = Debug|Any CPU
		{8711C147-3FF7-46C3-A848-5637E5CE8EE0}.Debug|Any CPU.Build.0 = Debug|Any CPU
		{8711C147-3FF7-46C3-A848-5637E5CE8EE0}.Debug|x86.ActiveCfg = Debug|x86
		{8711C147-3FF7-46C3-A848-5637E5CE8EE0}.Debug|x86.Build.0 = Debug|x86
		{8711C147-3FF7-46C3-A848-5637E5CE8EE0}.Release|Any CPU.ActiveCfg = Release|Any CPU
		{8711C147-3FF7-46C3-A848-5637E5CE8EE0}.Release|Any CPU.Build.0 = Release|Any CPU
		{8711C147-3FF7-46C3-A848-5637E5CE8EE0}.Release|x86.ActiveCfg = Release|x86
		{8711C147-3FF7-46C3-A848-5637E5CE8EE0}.Release|x86.Build.0 = Release|x86
		{8711C147-3FF7-46C3-A848-5637E5CE8EE0}.x86|Any CPU.ActiveCfg = x86|Any CPU
		{8711C147-3FF7-46C3-A848-5637E5CE8EE0}.x86|Any CPU.Build.0 = x86|Any CPU
		{8711C147-3FF7-46C3-A848-5637E5CE8EE0}.x86|x86.ActiveCfg = Debug|x86
		{8711C147-3FF7-46C3-A848-5637E5CE8EE0}.x86|x86.Build.0 = Debug|x86
		{15E2F560-405E-416D-B74E-1506BF8303AF}.Debug|Any CPU.ActiveCfg = Debug|Any CPU
		{15E2F560-405E-416D-B74E-1506BF8303AF}.Debug|Any CPU.Build.0 = Debug|Any CPU
		{15E2F560-405E-416D-B74E-1506BF8303AF}.Debug|x86.ActiveCfg = Debug|x86
		{15E2F560-405E-416D-B74E-1506BF8303AF}.Debug|x86.Build.0 = Debug|x86
		{15E2F560-405E-416D-B74E-1506BF8303AF}.Release|Any CPU.ActiveCfg = Release|Any CPU
		{15E2F560-405E-416D-B74E-1506BF8303AF}.Release|Any CPU.Build.0 = Release|Any CPU
		{15E2F560-405E-416D-B74E-1506BF8303AF}.Release|x86.ActiveCfg = Release|x86
		{15E2F560-405E-416D-B74E-1506BF8303AF}.Release|x86.Build.0 = Release|x86
		{15E2F560-405E-416D-B74E-1506BF8303AF}.x86|Any CPU.ActiveCfg = x86|Any CPU
		{15E2F560-405E-416D-B74E-1506BF8303AF}.x86|Any CPU.Build.0 = x86|Any CPU
		{15E2F560-405E-416D-B74E-1506BF8303AF}.x86|x86.ActiveCfg = Debug|x86
		{15E2F560-405E-416D-B74E-1506BF8303AF}.x86|x86.Build.0 = Debug|x86
		{80C54359-97B5-4C11-92E6-996D35C9EE1B}.Debug|Any CPU.ActiveCfg = Debug|Any CPU
		{80C54359-97B5-4C11-92E6-996D35C9EE1B}.Debug|Any CPU.Build.0 = Debug|Any CPU
		{80C54359-97B5-4C11-92E6-996D35C9EE1B}.Debug|x86.ActiveCfg = Debug|x86
		{80C54359-97B5-4C11-92E6-996D35C9EE1B}.Debug|x86.Build.0 = Debug|x86
		{80C54359-97B5-4C11-92E6-996D35C9EE1B}.Release|Any CPU.ActiveCfg = Release|Any CPU
		{80C54359-97B5-4C11-92E6-996D35C9EE1B}.Release|Any CPU.Build.0 = Release|Any CPU
		{80C54359-97B5-4C11-92E6-996D35C9EE1B}.Release|x86.ActiveCfg = Release|x86
		{80C54359-97B5-4C11-92E6-996D35C9EE1B}.Release|x86.Build.0 = Release|x86
		{80C54359-97B5-4C11-92E6-996D35C9EE1B}.x86|Any CPU.ActiveCfg = x86|Any CPU
		{80C54359-97B5-4C11-92E6-996D35C9EE1B}.x86|Any CPU.Build.0 = x86|Any CPU
		{80C54359-97B5-4C11-92E6-996D35C9EE1B}.x86|x86.ActiveCfg = Debug|x86
		{80C54359-97B5-4C11-92E6-996D35C9EE1B}.x86|x86.Build.0 = Debug|x86
		{B20383BD-FAAA-4BDF-BE24-9E53ADC17785}.Debug|Any CPU.ActiveCfg = Debug|Any CPU
		{B20383BD-FAAA-4BDF-BE24-9E53ADC17785}.Debug|Any CPU.Build.0 = Debug|Any CPU
		{B20383BD-FAAA-4BDF-BE24-9E53ADC17785}.Debug|x86.ActiveCfg = Debug|x86
		{B20383BD-FAAA-4BDF-BE24-9E53ADC17785}.Debug|x86.Build.0 = Debug|x86
		{B20383BD-FAAA-4BDF-BE24-9E53ADC17785}.Release|Any CPU.ActiveCfg = Release|Any CPU
		{B20383BD-FAAA-4BDF-BE24-9E53ADC17785}.Release|Any CPU.Build.0 = Release|Any CPU
		{B20383BD-FAAA-4BDF-BE24-9E53ADC17785}.Release|x86.ActiveCfg = Release|x86
		{B20383BD-FAAA-4BDF-BE24-9E53ADC17785}.Release|x86.Build.0 = Release|x86
		{B20383BD-FAAA-4BDF-BE24-9E53ADC17785}.x86|Any CPU.ActiveCfg = x86|Any CPU
		{B20383BD-FAAA-4BDF-BE24-9E53ADC17785}.x86|Any CPU.Build.0 = x86|Any CPU
		{B20383BD-FAAA-4BDF-BE24-9E53ADC17785}.x86|x86.ActiveCfg = Debug|x86
		{B20383BD-FAAA-4BDF-BE24-9E53ADC17785}.x86|x86.Build.0 = Debug|x86
		{E90D8B47-3B66-434D-BBC0-9DFA8706AF45}.Debug|Any CPU.ActiveCfg = Debug|Any CPU
		{E90D8B47-3B66-434D-BBC0-9DFA8706AF45}.Debug|Any CPU.Build.0 = Debug|Any CPU
		{E90D8B47-3B66-434D-BBC0-9DFA8706AF45}.Debug|x86.ActiveCfg = Debug|x86
		{E90D8B47-3B66-434D-BBC0-9DFA8706AF45}.Debug|x86.Build.0 = Debug|x86
		{E90D8B47-3B66-434D-BBC0-9DFA8706AF45}.Release|Any CPU.ActiveCfg = Release|Any CPU
		{E90D8B47-3B66-434D-BBC0-9DFA8706AF45}.Release|Any CPU.Build.0 = Release|Any CPU
		{E90D8B47-3B66-434D-BBC0-9DFA8706AF45}.Release|x86.ActiveCfg = Release|x86
		{E90D8B47-3B66-434D-BBC0-9DFA8706AF45}.Release|x86.Build.0 = Release|x86
		{E90D8B47-3B66-434D-BBC0-9DFA8706AF45}.x86|Any CPU.ActiveCfg = x86|Any CPU
		{E90D8B47-3B66-434D-BBC0-9DFA8706AF45}.x86|Any CPU.Build.0 = x86|Any CPU
		{E90D8B47-3B66-434D-BBC0-9DFA8706AF45}.x86|x86.ActiveCfg = Debug|x86
		{E90D8B47-3B66-434D-BBC0-9DFA8706AF45}.x86|x86.Build.0 = Debug|x86
		{E1A61950-BD41-4764-9F64-4C4C81E6552D}.Debug|Any CPU.ActiveCfg = Debug|Any CPU
		{E1A61950-BD41-4764-9F64-4C4C81E6552D}.Debug|Any CPU.Build.0 = Debug|Any CPU
		{E1A61950-BD41-4764-9F64-4C4C81E6552D}.Debug|x86.ActiveCfg = Debug|x86
		{E1A61950-BD41-4764-9F64-4C4C81E6552D}.Debug|x86.Build.0 = Debug|x86
		{E1A61950-BD41-4764-9F64-4C4C81E6552D}.Release|Any CPU.ActiveCfg = Release|Any CPU
		{E1A61950-BD41-4764-9F64-4C4C81E6552D}.Release|Any CPU.Build.0 = Release|Any CPU
		{E1A61950-BD41-4764-9F64-4C4C81E6552D}.Release|x86.ActiveCfg = Release|x86
		{E1A61950-BD41-4764-9F64-4C4C81E6552D}.Release|x86.Build.0 = Release|x86
		{E1A61950-BD41-4764-9F64-4C4C81E6552D}.x86|Any CPU.ActiveCfg = x86|Any CPU
		{E1A61950-BD41-4764-9F64-4C4C81E6552D}.x86|Any CPU.Build.0 = x86|Any CPU
		{E1A61950-BD41-4764-9F64-4C4C81E6552D}.x86|x86.ActiveCfg = Debug|x86
		{E1A61950-BD41-4764-9F64-4C4C81E6552D}.x86|x86.Build.0 = Debug|x86
		{5BC60908-E627-479B-B3DC-A3C07B04E198}.Debug|Any CPU.ActiveCfg = Debug|Any CPU
		{5BC60908-E627-479B-B3DC-A3C07B04E198}.Debug|Any CPU.Build.0 = Debug|Any CPU
		{5BC60908-E627-479B-B3DC-A3C07B04E198}.Debug|x86.ActiveCfg = Debug|x86
		{5BC60908-E627-479B-B3DC-A3C07B04E198}.Debug|x86.Build.0 = Debug|x86
		{5BC60908-E627-479B-B3DC-A3C07B04E198}.Release|Any CPU.ActiveCfg = Release|Any CPU
		{5BC60908-E627-479B-B3DC-A3C07B04E198}.Release|Any CPU.Build.0 = Release|Any CPU
		{5BC60908-E627-479B-B3DC-A3C07B04E198}.Release|x86.ActiveCfg = Release|x86
		{5BC60908-E627-479B-B3DC-A3C07B04E198}.Release|x86.Build.0 = Release|x86
		{5BC60908-E627-479B-B3DC-A3C07B04E198}.x86|Any CPU.ActiveCfg = Release|x86
		{5BC60908-E627-479B-B3DC-A3C07B04E198}.x86|x86.ActiveCfg = Release|x86
		{5BBD8CFC-1166-46DA-A09D-FCE3A5841924}.Debug|Any CPU.ActiveCfg = Debug|Any CPU
		{5BBD8CFC-1166-46DA-A09D-FCE3A5841924}.Debug|Any CPU.Build.0 = Debug|Any CPU
		{5BBD8CFC-1166-46DA-A09D-FCE3A5841924}.Debug|x86.ActiveCfg = Debug|x86
		{5BBD8CFC-1166-46DA-A09D-FCE3A5841924}.Debug|x86.Build.0 = Debug|x86
		{5BBD8CFC-1166-46DA-A09D-FCE3A5841924}.Release|Any CPU.ActiveCfg = Release|Any CPU
		{5BBD8CFC-1166-46DA-A09D-FCE3A5841924}.Release|Any CPU.Build.0 = Release|Any CPU
		{5BBD8CFC-1166-46DA-A09D-FCE3A5841924}.Release|x86.ActiveCfg = Release|x86
		{5BBD8CFC-1166-46DA-A09D-FCE3A5841924}.Release|x86.Build.0 = Release|x86
		{5BBD8CFC-1166-46DA-A09D-FCE3A5841924}.x86|Any CPU.ActiveCfg = x86|Any CPU
		{5BBD8CFC-1166-46DA-A09D-FCE3A5841924}.x86|Any CPU.Build.0 = x86|Any CPU
		{5BBD8CFC-1166-46DA-A09D-FCE3A5841924}.x86|x86.ActiveCfg = Debug|x86
		{5BBD8CFC-1166-46DA-A09D-FCE3A5841924}.x86|x86.Build.0 = Debug|x86
		{2B201024-975D-4986-B4A1-81CA84333E13}.Debug|Any CPU.ActiveCfg = Debug|Any CPU
		{2B201024-975D-4986-B4A1-81CA84333E13}.Debug|Any CPU.Build.0 = Debug|Any CPU
		{2B201024-975D-4986-B4A1-81CA84333E13}.Debug|x86.ActiveCfg = Debug|x86
		{2B201024-975D-4986-B4A1-81CA84333E13}.Debug|x86.Build.0 = Debug|x86
		{2B201024-975D-4986-B4A1-81CA84333E13}.Release|Any CPU.ActiveCfg = Release|Any CPU
		{2B201024-975D-4986-B4A1-81CA84333E13}.Release|Any CPU.Build.0 = Release|Any CPU
		{2B201024-975D-4986-B4A1-81CA84333E13}.Release|x86.ActiveCfg = Release|x86
		{2B201024-975D-4986-B4A1-81CA84333E13}.Release|x86.Build.0 = Release|x86
		{2B201024-975D-4986-B4A1-81CA84333E13}.x86|Any CPU.ActiveCfg = x86|Any CPU
		{2B201024-975D-4986-B4A1-81CA84333E13}.x86|Any CPU.Build.0 = x86|Any CPU
		{2B201024-975D-4986-B4A1-81CA84333E13}.x86|x86.ActiveCfg = Debug|x86
		{2B201024-975D-4986-B4A1-81CA84333E13}.x86|x86.Build.0 = Debug|x86
		{6F1747A6-FB25-430A-BB6E-773DB2BAAAFF}.Debug|Any CPU.ActiveCfg = Debug|Any CPU
		{6F1747A6-FB25-430A-BB6E-773DB2BAAAFF}.Debug|Any CPU.Build.0 = Debug|Any CPU
		{6F1747A6-FB25-430A-BB6E-773DB2BAAAFF}.Debug|x86.ActiveCfg = Debug|Any CPU
		{6F1747A6-FB25-430A-BB6E-773DB2BAAAFF}.Release|Any CPU.ActiveCfg = Release|Any CPU
		{6F1747A6-FB25-430A-BB6E-773DB2BAAAFF}.Release|Any CPU.Build.0 = Release|Any CPU
		{6F1747A6-FB25-430A-BB6E-773DB2BAAAFF}.Release|x86.ActiveCfg = Release|Any CPU
		{6F1747A6-FB25-430A-BB6E-773DB2BAAAFF}.x86|Any CPU.ActiveCfg = Release|Any CPU
		{6F1747A6-FB25-430A-BB6E-773DB2BAAAFF}.x86|Any CPU.Build.0 = Release|Any CPU
		{6F1747A6-FB25-430A-BB6E-773DB2BAAAFF}.x86|x86.ActiveCfg = Release|Any CPU
		{C3084F71-3DD9-4D36-84E5-653979871751}.Debug|Any CPU.ActiveCfg = Debug|Any CPU
		{C3084F71-3DD9-4D36-84E5-653979871751}.Debug|Any CPU.Build.0 = Debug|Any CPU
		{C3084F71-3DD9-4D36-84E5-653979871751}.Debug|x86.ActiveCfg = Debug|Any CPU
		{C3084F71-3DD9-4D36-84E5-653979871751}.Release|Any CPU.ActiveCfg = Release|Any CPU
		{C3084F71-3DD9-4D36-84E5-653979871751}.Release|Any CPU.Build.0 = Release|Any CPU
		{C3084F71-3DD9-4D36-84E5-653979871751}.Release|x86.ActiveCfg = Release|Any CPU
		{C3084F71-3DD9-4D36-84E5-653979871751}.x86|Any CPU.ActiveCfg = Release|Any CPU
		{C3084F71-3DD9-4D36-84E5-653979871751}.x86|Any CPU.Build.0 = Release|Any CPU
		{C3084F71-3DD9-4D36-84E5-653979871751}.x86|x86.ActiveCfg = Release|Any CPU
		{AD2373A9-B62B-4D26-90B2-1D4D6CD07696}.Debug|Any CPU.ActiveCfg = Debug|Any CPU
		{AD2373A9-B62B-4D26-90B2-1D4D6CD07696}.Debug|Any CPU.Build.0 = Debug|Any CPU
		{AD2373A9-B62B-4D26-90B2-1D4D6CD07696}.Debug|x86.ActiveCfg = Debug|Any CPU
		{AD2373A9-B62B-4D26-90B2-1D4D6CD07696}.Release|Any CPU.ActiveCfg = Release|Any CPU
		{AD2373A9-B62B-4D26-90B2-1D4D6CD07696}.Release|Any CPU.Build.0 = Release|Any CPU
		{AD2373A9-B62B-4D26-90B2-1D4D6CD07696}.Release|x86.ActiveCfg = Release|Any CPU
		{AD2373A9-B62B-4D26-90B2-1D4D6CD07696}.x86|Any CPU.ActiveCfg = Release|Any CPU
		{AD2373A9-B62B-4D26-90B2-1D4D6CD07696}.x86|Any CPU.Build.0 = Release|Any CPU
		{AD2373A9-B62B-4D26-90B2-1D4D6CD07696}.x86|x86.ActiveCfg = Release|Any CPU
	EndGlobalSection
	GlobalSection(SolutionProperties) = preSolution
		HideSolutionNode = FALSE
	EndGlobalSection
	GlobalSection(NestedProjects) = preSolution
		{80C54359-97B5-4C11-92E6-996D35C9EE1B} = {FED5E048-7AF3-4D83-917C-DC651B9DCD09}
		{11CAB5BE-EEFA-41E0-B21F-4D3EB7C8D90B} = {FED5E048-7AF3-4D83-917C-DC651B9DCD09}
		{B20383BD-FAAA-4BDF-BE24-9E53ADC17785} = {E8030AB6-B217-4F92-9FA4-10361CD0BD8F}
		{8711C147-3FF7-46C3-A848-5637E5CE8EE0} = {E8030AB6-B217-4F92-9FA4-10361CD0BD8F}
		{E90D8B47-3B66-434D-BBC0-9DFA8706AF45} = {109142BF-B8B2-463C-89CC-1B4075998946}
		{15E2F560-405E-416D-B74E-1506BF8303AF} = {109142BF-B8B2-463C-89CC-1B4075998946}
		{E1A61950-BD41-4764-9F64-4C4C81E6552D} = {3D88F44E-8611-4B0F-9687-CC29392BF66E}
		{5BC60908-E627-479B-B3DC-A3C07B04E198} = {DA25F586-3EE3-4E39-AF2F-B6CB75405C04}
		{AD2373A9-B62B-4D26-90B2-1D4D6CD07696} = {DA25F586-3EE3-4E39-AF2F-B6CB75405C04}
		{5BBD8CFC-1166-46DA-A09D-FCE3A5841924} = {9CC17BEF-19AC-403D-BADA-3643ABD6497C}
		{2B201024-975D-4986-B4A1-81CA84333E13} = {9CC17BEF-19AC-403D-BADA-3643ABD6497C}
		{6F1747A6-FB25-430A-BB6E-773DB2BAAAFF} = {1BF0A243-7244-40B2-9A41-6F95763CB9B8}
		{C3084F71-3DD9-4D36-84E5-653979871751} = {1BF0A243-7244-40B2-9A41-6F95763CB9B8}
	EndGlobalSection
EndGlobal
