
Microsoft Visual Studio Solution File, Format Version 10.00
# Visual Studio 2008
Project("{FAE04EC0-301F-11D3-BF4B-00C04F79EFBC}") = "Amplify", "Amplify\Amplify.csproj", "{11CAB5BE-EEFA-41E0-B21F-4D3EB7C8D90B}"
EndProject
Project("{FAE04EC0-301F-11D3-BF4B-00C04F79EFBC}") = "Amplify.Tests", "Tests\Amplify.Tests\Amplify.Tests.csproj", "{80C54359-97B5-4C11-92E6-996D35C9EE1B}"
EndProject
Project("{FAE04EC0-301F-11D3-BF4B-00C04F79EFBC}") = "Amplify.Bedrock", "..\Bedrock\Amplify.Bedrock\Amplify.Bedrock.csproj", "{691F7CE2-87CF-4463-A4FB-337978CC6F94}"
EndProject
Project("{FAE04EC0-301F-11D3-BF4B-00C04F79EFBC}") = "Amplify.Linq", "Amplify.Linq\Amplify.Linq.csproj", "{8711C147-3FF7-46C3-A848-5637E5CE8EE0}"
EndProject
Project("{FAE04EC0-301F-11D3-BF4B-00C04F79EFBC}") = "Amplify.Linq.Tests", "Tests\Amplify.Linq.Tests\Amplify.Linq.Tests.csproj", "{B20383BD-FAAA-4BDF-BE24-9E53ADC17785}"
EndProject
Project("{FAE04EC0-301F-11D3-BF4B-00C04F79EFBC}") = "Amplify.Data", "Amplify.Data\Amplify.ActiveRecord\Amplify.Data.csproj", "{15E2F560-405E-416D-B74E-1506BF8303AF}"
EndProject
Global
	GlobalSection(SolutionConfigurationPlatforms) = preSolution
		Debug|Any CPU = Debug|Any CPU
		Release|Any CPU = Release|Any CPU
	EndGlobalSection
	GlobalSection(ProjectConfigurationPlatforms) = postSolution
		{11CAB5BE-EEFA-41E0-B21F-4D3EB7C8D90B}.Debug|Any CPU.ActiveCfg = Debug|Any CPU
		{11CAB5BE-EEFA-41E0-B21F-4D3EB7C8D90B}.Debug|Any CPU.Build.0 = Debug|Any CPU
		{11CAB5BE-EEFA-41E0-B21F-4D3EB7C8D90B}.Release|Any CPU.ActiveCfg = Release|Any CPU
		{11CAB5BE-EEFA-41E0-B21F-4D3EB7C8D90B}.Release|Any CPU.Build.0 = Release|Any CPU
		{80C54359-97B5-4C11-92E6-996D35C9EE1B}.Debug|Any CPU.ActiveCfg = Debug|Any CPU
		{80C54359-97B5-4C11-92E6-996D35C9EE1B}.Debug|Any CPU.Build.0 = Debug|Any CPU
		{80C54359-97B5-4C11-92E6-996D35C9EE1B}.Release|Any CPU.ActiveCfg = Release|Any CPU
		{80C54359-97B5-4C11-92E6-996D35C9EE1B}.Release|Any CPU.Build.0 = Release|Any CPU
		{691F7CE2-87CF-4463-A4FB-337978CC6F94}.Debug|Any CPU.ActiveCfg = Debug|Any CPU
		{691F7CE2-87CF-4463-A4FB-337978CC6F94}.Debug|Any CPU.Build.0 = Debug|Any CPU
		{691F7CE2-87CF-4463-A4FB-337978CC6F94}.Release|Any CPU.ActiveCfg = Release|Any CPU
		{691F7CE2-87CF-4463-A4FB-337978CC6F94}.Release|Any CPU.Build.0 = Release|Any CPU
		{8711C147-3FF7-46C3-A848-5637E5CE8EE0}.Debug|Any CPU.ActiveCfg = Debug|Any CPU
		{8711C147-3FF7-46C3-A848-5637E5CE8EE0}.Debug|Any CPU.Build.0 = Debug|Any CPU
		{8711C147-3FF7-46C3-A848-5637E5CE8EE0}.Release|Any CPU.ActiveCfg = Release|Any CPU
		{8711C147-3FF7-46C3-A848-5637E5CE8EE0}.Release|Any CPU.Build.0 = Release|Any CPU
		{B20383BD-FAAA-4BDF-BE24-9E53ADC17785}.Debug|Any CPU.ActiveCfg = Debug|Any CPU
		{B20383BD-FAAA-4BDF-BE24-9E53ADC17785}.Debug|Any CPU.Build.0 = Debug|Any CPU
		{B20383BD-FAAA-4BDF-BE24-9E53ADC17785}.Release|Any CPU.ActiveCfg = Release|Any CPU
		{B20383BD-FAAA-4BDF-BE24-9E53ADC17785}.Release|Any CPU.Build.0 = Release|Any CPU
		{15E2F560-405E-416D-B74E-1506BF8303AF}.Debug|Any CPU.ActiveCfg = Debug|Any CPU
		{15E2F560-405E-416D-B74E-1506BF8303AF}.Debug|Any CPU.Build.0 = Debug|Any CPU
		{15E2F560-405E-416D-B74E-1506BF8303AF}.Release|Any CPU.ActiveCfg = Release|Any CPU
		{15E2F560-405E-416D-B74E-1506BF8303AF}.Release|Any CPU.Build.0 = Release|Any CPU
	EndGlobalSection
	GlobalSection(SolutionProperties) = preSolution
		HideSolutionNode = FALSE
	EndGlobalSection
EndGlobal
